github.com/fraenky8/go-modules-playground v1.0.0 h1:gq9Zn1Q3TaBBtLWn6Ylh8ce0FzcbQxUxdKy/cagocYA=
github.com/fraenky8/go-modules-playground v1.0.0/go.mod h1:Tej4E6OOfLvlGsWnPck+xpJKrSqWHwSCoFBr7j6rrto=
github.com/fraenky8/go-modules-playground/v2 v2.0.0 h1:5cYYYZNkw7pNa4mceE9G41BUELBnNYMN1twc4+59fak=
github.com/fraenky8/go-modules-playground/v2 v2.0.0/go.mod h1:aiZsKP/U4Qh0aSvRqfuSkavBcb4ViaGRibbUbK1kx/w=
